// !$*UTF8*$!
{
	archiveVersion = 1;
	classes = {
	};
	objectVersion = 50;
	objects = {

/* Begin PBXBuildFile section */
		3F3E76ED22893AA200D29F5B /* User.m in Sources */ = {isa = PBXBuildFile; fileRef = 3F3E76EC22893AA200D29F5B /* User.m */; };
		3F3E76F3228943A600D29F5B /* PostsManager.m in Sources */ = {isa = PBXBuildFile; fileRef = 3F3E76F2228943A600D29F5B /* PostsManager.m */; };
		3F4B4C8522858C0A00290858 /* MainViewController.m in Sources */ = {isa = PBXBuildFile; fileRef = 3F4B4C8422858C0A00290858 /* MainViewController.m */; };
		3F4B4C8822858D5C00290858 /* SplashScreenViewController.m in Sources */ = {isa = PBXBuildFile; fileRef = 3F4B4C8722858D5C00290858 /* SplashScreenViewController.m */; };
		3F4B4C8B22858DC200290858 /* LogInViewController.m in Sources */ = {isa = PBXBuildFile; fileRef = 3F4B4C8A22858DC200290858 /* LogInViewController.m */; };
		3F4B4C8E22858E7A00290858 /* SignUpViewController.m in Sources */ = {isa = PBXBuildFile; fileRef = 3F4B4C8D22858E7A00290858 /* SignUpViewController.m */; };
		3F4B4C9422858F5100290858 /* CommentsViewController.m in Sources */ = {isa = PBXBuildFile; fileRef = 3F4B4C9322858F5100290858 /* CommentsViewController.m */; };
		3F4B4C9722858FD100290858 /* SingleCommentViewController.m in Sources */ = {isa = PBXBuildFile; fileRef = 3F4B4C9622858FD100290858 /* SingleCommentViewController.m */; };
		3F4B4C9E2285904600290858 /* NavigationBar.m in Sources */ = {isa = PBXBuildFile; fileRef = 3F4B4C9D2285904600290858 /* NavigationBar.m */; };
		3F607B0722858619000318FF /* AppDelegate.m in Sources */ = {isa = PBXBuildFile; fileRef = 3F607B0622858619000318FF /* AppDelegate.m */; };
		3F607B0A22858619000318FF /* ViewController.m in Sources */ = {isa = PBXBuildFile; fileRef = 3F607B0922858619000318FF /* ViewController.m */; };
		3F607B0D2285861A000318FF /* Main.storyboard in Resources */ = {isa = PBXBuildFile; fileRef = 3F607B0B2285861A000318FF /* Main.storyboard */; };
		3F607B0F2285861C000318FF /* Assets.xcassets in Resources */ = {isa = PBXBuildFile; fileRef = 3F607B0E2285861C000318FF /* Assets.xcassets */; };
		3F607B122285861C000318FF /* LaunchScreen.storyboard in Resources */ = {isa = PBXBuildFile; fileRef = 3F607B102285861C000318FF /* LaunchScreen.storyboard */; };
		3F607B152285861C000318FF /* main.m in Sources */ = {isa = PBXBuildFile; fileRef = 3F607B142285861C000318FF /* main.m */; };
		3F61BC04228951280014C387 /* libPods-CommentsApp.a in Frameworks */ = {isa = PBXBuildFile; fileRef = 3F61BC03228951280014C387 /* libPods-CommentsApp.a */; };
		3F61BC0F228966370014C387 /* PostsViewController.m in Sources */ = {isa = PBXBuildFile; fileRef = 3F61BC0E228966370014C387 /* PostsViewController.m */; };
		3F61BC112289689F0014C387 /* NavigationBar.xib in Resources */ = {isa = PBXBuildFile; fileRef = 3F4B4C9F2285906900290858 /* NavigationBar.xib */; };
		3F61BC12228968A80014C387 /* NavigationBar.xib in Resources */ = {isa = PBXBuildFile; fileRef = 3F4B4C9F2285906900290858 /* NavigationBar.xib */; };
		3F61BC1722896EBD0014C387 /* Post.m in Sources */ = {isa = PBXBuildFile; fileRef = 3F61BC1622896EBD0014C387 /* Post.m */; };
		3F61BC1A228971150014C387 /* CommentsManager.m in Sources */ = {isa = PBXBuildFile; fileRef = 3F61BC19228971150014C387 /* CommentsManager.m */; };
		3F61BC1D2289713D0014C387 /* Comment.m in Sources */ = {isa = PBXBuildFile; fileRef = 3F61BC1C2289713D0014C387 /* Comment.m */; };
		3F61BC202289793B0014C387 /* Album.m in Sources */ = {isa = PBXBuildFile; fileRef = 3F61BC1F2289793B0014C387 /* Album.m */; };
		3F61BC23228979CC0014C387 /* Photo.m in Sources */ = {isa = PBXBuildFile; fileRef = 3F61BC22228979CC0014C387 /* Photo.m */; };
		3F61BC2622897A500014C387 /* AlbumManager.m in Sources */ = {isa = PBXBuildFile; fileRef = 3F61BC2522897A500014C387 /* AlbumManager.m */; };
		3F61BC2922897B7A0014C387 /* PhotoManager.m in Sources */ = {isa = PBXBuildFile; fileRef = 3F61BC2822897B7A0014C387 /* PhotoManager.m */; };
		3F61BC2C2289808B0014C387 /* UserManager.m in Sources */ = {isa = PBXBuildFile; fileRef = 3F61BC2B2289808B0014C387 /* UserManager.m */; };
		3F61BC3222898A4D0014C387 /* User.xcdatamodeld in Sources */ = {isa = PBXBuildFile; fileRef = 3F61BC3022898A4D0014C387 /* User.xcdatamodeld */; };
/* End PBXBuildFile section */

/* Begin PBXContainerItemProxy section */
		3F607B1B2285861C000318FF /* PBXContainerItemProxy */ = {
			isa = PBXContainerItemProxy;
			containerPortal = 3F607AFA22858619000318FF /* Project object */;
			proxyType = 1;
			remoteGlobalIDString = 3F607B0122858619000318FF;
			remoteInfo = CommentsApp;
		};
		3F607B262285861C000318FF /* PBXContainerItemProxy */ = {
			isa = PBXContainerItemProxy;
			containerPortal = 3F607AFA22858619000318FF /* Project object */;
			proxyType = 1;
			remoteGlobalIDString = 3F607B0122858619000318FF;
			remoteInfo = CommentsApp;
		};
/* End PBXContainerItemProxy section */

/* Begin PBXFileReference section */
		148F957EDDB573D23CCB1CA2 /* libPods-CommentsApp.a */ = {isa = PBXFileReference; explicitFileType = archive.ar; includeInIndex = 0; path = "libPods-CommentsApp.a"; sourceTree = BUILT_PRODUCTS_DIR; };
		3F3E76E6228632AC00D29F5B /* PrefixHeader.pch */ = {isa = PBXFileReference; lastKnownFileType = sourcecode.c.h; path = PrefixHeader.pch; sourceTree = "<group>"; };
		3F3E76E7228632DC00D29F5B /* Konstante.h */ = {isa = PBXFileReference; lastKnownFileType = sourcecode.c.h; path = Konstante.h; sourceTree = "<group>"; };
		3F3E76EB22893AA200D29F5B /* User.h */ = {isa = PBXFileReference; lastKnownFileType = sourcecode.c.h; path = User.h; sourceTree = "<group>"; };
		3F3E76EC22893AA200D29F5B /* User.m */ = {isa = PBXFileReference; lastKnownFileType = sourcecode.c.objc; path = User.m; sourceTree = "<group>"; };
		3F3E76F1228943A600D29F5B /* PostsManager.h */ = {isa = PBXFileReference; lastKnownFileType = sourcecode.c.h; path = PostsManager.h; sourceTree = "<group>"; };
		3F3E76F2228943A600D29F5B /* PostsManager.m */ = {isa = PBXFileReference; lastKnownFileType = sourcecode.c.objc; path = PostsManager.m; sourceTree = "<group>"; };
		3F4B4C8322858C0A00290858 /* MainViewController.h */ = {isa = PBXFileReference; lastKnownFileType = sourcecode.c.h; path = MainViewController.h; sourceTree = "<group>"; };
		3F4B4C8422858C0A00290858 /* MainViewController.m */ = {isa = PBXFileReference; lastKnownFileType = sourcecode.c.objc; path = MainViewController.m; sourceTree = "<group>"; };
		3F4B4C8622858D5C00290858 /* SplashScreenViewController.h */ = {isa = PBXFileReference; lastKnownFileType = sourcecode.c.h; path = SplashScreenViewController.h; sourceTree = "<group>"; };
		3F4B4C8722858D5C00290858 /* SplashScreenViewController.m */ = {isa = PBXFileReference; lastKnownFileType = sourcecode.c.objc; path = SplashScreenViewController.m; sourceTree = "<group>"; };
		3F4B4C8922858DC200290858 /* LogInViewController.h */ = {isa = PBXFileReference; lastKnownFileType = sourcecode.c.h; path = LogInViewController.h; sourceTree = "<group>"; };
		3F4B4C8A22858DC200290858 /* LogInViewController.m */ = {isa = PBXFileReference; lastKnownFileType = sourcecode.c.objc; path = LogInViewController.m; sourceTree = "<group>"; };
		3F4B4C8C22858E7A00290858 /* SignUpViewController.h */ = {isa = PBXFileReference; lastKnownFileType = sourcecode.c.h; path = SignUpViewController.h; sourceTree = "<group>"; };
		3F4B4C8D22858E7A00290858 /* SignUpViewController.m */ = {isa = PBXFileReference; lastKnownFileType = sourcecode.c.objc; path = SignUpViewController.m; sourceTree = "<group>"; };
		3F4B4C9222858F5100290858 /* CommentsViewController.h */ = {isa = PBXFileReference; lastKnownFileType = sourcecode.c.h; path = CommentsViewController.h; sourceTree = "<group>"; };
		3F4B4C9322858F5100290858 /* CommentsViewController.m */ = {isa = PBXFileReference; lastKnownFileType = sourcecode.c.objc; path = CommentsViewController.m; sourceTree = "<group>"; };
		3F4B4C9522858FD100290858 /* SingleCommentViewController.h */ = {isa = PBXFileReference; lastKnownFileType = sourcecode.c.h; path = SingleCommentViewController.h; sourceTree = "<group>"; };
		3F4B4C9622858FD100290858 /* SingleCommentViewController.m */ = {isa = PBXFileReference; lastKnownFileType = sourcecode.c.objc; path = SingleCommentViewController.m; sourceTree = "<group>"; };
		3F4B4C9C2285904600290858 /* NavigationBar.h */ = {isa = PBXFileReference; lastKnownFileType = sourcecode.c.h; path = NavigationBar.h; sourceTree = "<group>"; };
		3F4B4C9D2285904600290858 /* NavigationBar.m */ = {isa = PBXFileReference; lastKnownFileType = sourcecode.c.objc; path = NavigationBar.m; sourceTree = "<group>"; };
		3F4B4C9F2285906900290858 /* NavigationBar.xib */ = {isa = PBXFileReference; lastKnownFileType = file.xib; path = NavigationBar.xib; sourceTree = "<group>"; };
		3F607B0222858619000318FF /* CommentsApp.app */ = {isa = PBXFileReference; explicitFileType = wrapper.application; includeInIndex = 0; path = CommentsApp.app; sourceTree = BUILT_PRODUCTS_DIR; };
		3F607B0522858619000318FF /* AppDelegate.h */ = {isa = PBXFileReference; lastKnownFileType = sourcecode.c.h; path = AppDelegate.h; sourceTree = "<group>"; };
		3F607B0622858619000318FF /* AppDelegate.m */ = {isa = PBXFileReference; lastKnownFileType = sourcecode.c.objc; path = AppDelegate.m; sourceTree = "<group>"; };
		3F607B0822858619000318FF /* ViewController.h */ = {isa = PBXFileReference; lastKnownFileType = sourcecode.c.h; path = ViewController.h; sourceTree = "<group>"; };
		3F607B0922858619000318FF /* ViewController.m */ = {isa = PBXFileReference; lastKnownFileType = sourcecode.c.objc; path = ViewController.m; sourceTree = "<group>"; };
		3F607B0C2285861A000318FF /* Base */ = {isa = PBXFileReference; lastKnownFileType = file.storyboard; name = Base; path = Base.lproj/Main.storyboard; sourceTree = "<group>"; };
		3F607B0E2285861C000318FF /* Assets.xcassets */ = {isa = PBXFileReference; lastKnownFileType = folder.assetcatalog; path = Assets.xcassets; sourceTree = "<group>"; };
		3F607B112285861C000318FF /* Base */ = {isa = PBXFileReference; lastKnownFileType = file.storyboard; name = Base; path = Base.lproj/LaunchScreen.storyboard; sourceTree = "<group>"; };
		3F607B132285861C000318FF /* Info.plist */ = {isa = PBXFileReference; lastKnownFileType = text.plist.xml; path = Info.plist; sourceTree = "<group>"; };
		3F607B142285861C000318FF /* main.m */ = {isa = PBXFileReference; lastKnownFileType = sourcecode.c.objc; path = main.m; sourceTree = "<group>"; };
		3F607B1A2285861C000318FF /* CommentsAppTests.xctest */ = {isa = PBXFileReference; explicitFileType = wrapper.cfbundle; includeInIndex = 0; path = CommentsAppTests.xctest; sourceTree = BUILT_PRODUCTS_DIR; };
		3F607B1E2285861C000318FF /* CommentsAppTests.m */ = {isa = PBXFileReference; lastKnownFileType = sourcecode.c.objc; path = CommentsAppTests.m; sourceTree = "<group>"; };
		3F607B202285861C000318FF /* Info.plist */ = {isa = PBXFileReference; lastKnownFileType = text.plist.xml; path = Info.plist; sourceTree = "<group>"; };
		3F607B252285861C000318FF /* CommentsAppUITests.xctest */ = {isa = PBXFileReference; explicitFileType = wrapper.cfbundle; includeInIndex = 0; path = CommentsAppUITests.xctest; sourceTree = BUILT_PRODUCTS_DIR; };
		3F607B292285861C000318FF /* CommentsAppUITests.m */ = {isa = PBXFileReference; lastKnownFileType = sourcecode.c.objc; path = CommentsAppUITests.m; sourceTree = "<group>"; };
		3F607B2B2285861C000318FF /* Info.plist */ = {isa = PBXFileReference; lastKnownFileType = text.plist.xml; path = Info.plist; sourceTree = "<group>"; };
		3F61BC03228951280014C387 /* libPods-CommentsApp.a */ = {isa = PBXFileReference; explicitFileType = archive.ar; path = "libPods-CommentsApp.a"; sourceTree = BUILT_PRODUCTS_DIR; };
		3F61BC0D228966370014C387 /* PostsViewController.h */ = {isa = PBXFileReference; lastKnownFileType = sourcecode.c.h; path = PostsViewController.h; sourceTree = "<group>"; };
		3F61BC0E228966370014C387 /* PostsViewController.m */ = {isa = PBXFileReference; lastKnownFileType = sourcecode.c.objc; path = PostsViewController.m; sourceTree = "<group>"; };
		3F61BC1522896EBD0014C387 /* Post.h */ = {isa = PBXFileReference; lastKnownFileType = sourcecode.c.h; path = Post.h; sourceTree = "<group>"; };
		3F61BC1622896EBD0014C387 /* Post.m */ = {isa = PBXFileReference; lastKnownFileType = sourcecode.c.objc; path = Post.m; sourceTree = "<group>"; };
		3F61BC18228971150014C387 /* CommentsManager.h */ = {isa = PBXFileReference; lastKnownFileType = sourcecode.c.h; path = CommentsManager.h; sourceTree = "<group>"; };
		3F61BC19228971150014C387 /* CommentsManager.m */ = {isa = PBXFileReference; lastKnownFileType = sourcecode.c.objc; path = CommentsManager.m; sourceTree = "<group>"; };
		3F61BC1B2289713D0014C387 /* Comment.h */ = {isa = PBXFileReference; lastKnownFileType = sourcecode.c.h; path = Comment.h; sourceTree = "<group>"; };
		3F61BC1C2289713D0014C387 /* Comment.m */ = {isa = PBXFileReference; lastKnownFileType = sourcecode.c.objc; path = Comment.m; sourceTree = "<group>"; };
		3F61BC1E2289793B0014C387 /* Album.h */ = {isa = PBXFileReference; lastKnownFileType = sourcecode.c.h; path = Album.h; sourceTree = "<group>"; };
		3F61BC1F2289793B0014C387 /* Album.m */ = {isa = PBXFileReference; lastKnownFileType = sourcecode.c.objc; path = Album.m; sourceTree = "<group>"; };
		3F61BC21228979CC0014C387 /* Photo.h */ = {isa = PBXFileReference; lastKnownFileType = sourcecode.c.h; path = Photo.h; sourceTree = "<group>"; };
		3F61BC22228979CC0014C387 /* Photo.m */ = {isa = PBXFileReference; lastKnownFileType = sourcecode.c.objc; path = Photo.m; sourceTree = "<group>"; };
		3F61BC2422897A500014C387 /* AlbumManager.h */ = {isa = PBXFileReference; lastKnownFileType = sourcecode.c.h; path = AlbumManager.h; sourceTree = "<group>"; };
		3F61BC2522897A500014C387 /* AlbumManager.m */ = {isa = PBXFileReference; lastKnownFileType = sourcecode.c.objc; path = AlbumManager.m; sourceTree = "<group>"; };
		3F61BC2722897B7A0014C387 /* PhotoManager.h */ = {isa = PBXFileReference; lastKnownFileType = sourcecode.c.h; path = PhotoManager.h; sourceTree = "<group>"; };
		3F61BC2822897B7A0014C387 /* PhotoManager.m */ = {isa = PBXFileReference; lastKnownFileType = sourcecode.c.objc; path = PhotoManager.m; sourceTree = "<group>"; };
		3F61BC2A2289808B0014C387 /* UserManager.h */ = {isa = PBXFileReference; lastKnownFileType = sourcecode.c.h; path = UserManager.h; sourceTree = "<group>"; };
		3F61BC2B2289808B0014C387 /* UserManager.m */ = {isa = PBXFileReference; lastKnownFileType = sourcecode.c.objc; path = UserManager.m; sourceTree = "<group>"; };
		3F61BC3122898A4D0014C387 /* User.xcdatamodel */ = {isa = PBXFileReference; lastKnownFileType = wrapper.xcdatamodel; path = User.xcdatamodel; sourceTree = "<group>"; };
		5173885740A064936CBCDBE1 /* Pods-CommentsApp.debug.xcconfig */ = {isa = PBXFileReference; includeInIndex = 1; lastKnownFileType = text.xcconfig; name = "Pods-CommentsApp.debug.xcconfig"; path = "Target Support Files/Pods-CommentsApp/Pods-CommentsApp.debug.xcconfig"; sourceTree = "<group>"; };
		EC9813E4A8B1EE658EAB51DC /* Pods-CommentsApp.release.xcconfig */ = {isa = PBXFileReference; includeInIndex = 1; lastKnownFileType = text.xcconfig; name = "Pods-CommentsApp.release.xcconfig"; path = "Target Support Files/Pods-CommentsApp/Pods-CommentsApp.release.xcconfig"; sourceTree = "<group>"; };
/* End PBXFileReference section */

/* Begin PBXFrameworksBuildPhase section */
		3F607AFF22858619000318FF /* Frameworks */ = {
			isa = PBXFrameworksBuildPhase;
			buildActionMask = 2147483647;
			files = (
				3F61BC04228951280014C387 /* libPods-CommentsApp.a in Frameworks */,
			);
			runOnlyForDeploymentPostprocessing = 0;
		};
		3F607B172285861C000318FF /* Frameworks */ = {
			isa = PBXFrameworksBuildPhase;
			buildActionMask = 2147483647;
			files = (
			);
			runOnlyForDeploymentPostprocessing = 0;
		};
		3F607B222285861C000318FF /* Frameworks */ = {
			isa = PBXFrameworksBuildPhase;
			buildActionMask = 2147483647;
			files = (
			);
			runOnlyForDeploymentPostprocessing = 0;
		};
/* End PBXFrameworksBuildPhase section */

/* Begin PBXGroup section */
		3F3E76D722862C7800D29F5B /* User Grupe */ = {
			isa = PBXGroup;
			children = (
				3F3E76EB22893AA200D29F5B /* User.h */,
				3F3E76EC22893AA200D29F5B /* User.m */,
				3F61BC3022898A4D0014C387 /* User.xcdatamodeld */,
			);
			path = "User Grupe";
			sourceTree = "<group>";
		};
		3F3E76DB22862DFE00D29F5B /* Menagers */ = {
			isa = PBXGroup;
			children = (
				3F3E76F1228943A600D29F5B /* PostsManager.h */,
				3F3E76F2228943A600D29F5B /* PostsManager.m */,
				3F61BC18228971150014C387 /* CommentsManager.h */,
				3F61BC19228971150014C387 /* CommentsManager.m */,
				3F61BC2422897A500014C387 /* AlbumManager.h */,
				3F61BC2522897A500014C387 /* AlbumManager.m */,
				3F61BC2722897B7A0014C387 /* PhotoManager.h */,
				3F61BC2822897B7A0014C387 /* PhotoManager.m */,
				3F61BC2A2289808B0014C387 /* UserManager.h */,
				3F61BC2B2289808B0014C387 /* UserManager.m */,
			);
			path = Menagers;
			sourceTree = "<group>";
		};
		3F3E76E52286329200D29F5B /* Prefix */ = {
			isa = PBXGroup;
			children = (
				3F3E76E6228632AC00D29F5B /* PrefixHeader.pch */,
				3F3E76E7228632DC00D29F5B /* Konstante.h */,
			);
			path = Prefix;
			sourceTree = "<group>";
		};
		3F4B4C8222858BA900290858 /* ViewConntrolers */ = {
			isa = PBXGroup;
			children = (
				3F4B4C8322858C0A00290858 /* MainViewController.h */,
				3F4B4C8422858C0A00290858 /* MainViewController.m */,
				3F4B4C8622858D5C00290858 /* SplashScreenViewController.h */,
				3F4B4C8722858D5C00290858 /* SplashScreenViewController.m */,
				3F4B4C8922858DC200290858 /* LogInViewController.h */,
				3F4B4C8A22858DC200290858 /* LogInViewController.m */,
				3F4B4C8C22858E7A00290858 /* SignUpViewController.h */,
				3F4B4C8D22858E7A00290858 /* SignUpViewController.m */,
				3F4B4C9222858F5100290858 /* CommentsViewController.h */,
				3F4B4C9322858F5100290858 /* CommentsViewController.m */,
				3F4B4C9522858FD100290858 /* SingleCommentViewController.h */,
				3F4B4C9622858FD100290858 /* SingleCommentViewController.m */,
				3F61BC0D228966370014C387 /* PostsViewController.h */,
				3F61BC0E228966370014C387 /* PostsViewController.m */,
			);
			path = ViewConntrolers;
			sourceTree = "<group>";
		};
		3F4B4C9822858FF000290858 /* NavigationBar */ = {
			isa = PBXGroup;
			children = (
				3F4B4C9C2285904600290858 /* NavigationBar.h */,
				3F4B4C9D2285904600290858 /* NavigationBar.m */,
				3F4B4C9F2285906900290858 /* NavigationBar.xib */,
			);
			path = NavigationBar;
			sourceTree = "<group>";
		};
		3F607AF922858619000318FF = {
			isa = PBXGroup;
			children = (
				3F607B0422858619000318FF /* CommentsApp */,
				3F607B1D2285861C000318FF /* CommentsAppTests */,
				3F607B282285861C000318FF /* CommentsAppUITests */,
				3F607B0322858619000318FF /* Products */,
				B5BCCEB94418CF760234EF66 /* Pods */,
				8FF25015287734F1B87D3E39 /* Frameworks */,
			);
			sourceTree = "<group>";
		};
		3F607B0322858619000318FF /* Products */ = {
			isa = PBXGroup;
			children = (
				3F607B0222858619000318FF /* CommentsApp.app */,
				3F607B1A2285861C000318FF /* CommentsAppTests.xctest */,
				3F607B252285861C000318FF /* CommentsAppUITests.xctest */,
			);
			name = Products;
			sourceTree = "<group>";
		};
		3F607B0422858619000318FF /* CommentsApp */ = {
			isa = PBXGroup;
			children = (
				3F61BC1422896E8E0014C387 /* Objects */,
				3F3E76E52286329200D29F5B /* Prefix */,
				3F3E76DB22862DFE00D29F5B /* Menagers */,
				3F3E76D722862C7800D29F5B /* User Grupe */,
				3F4B4C9822858FF000290858 /* NavigationBar */,
				3F4B4C8222858BA900290858 /* ViewConntrolers */,
				3F607B0522858619000318FF /* AppDelegate.h */,
				3F607B0622858619000318FF /* AppDelegate.m */,
				3F607B0822858619000318FF /* ViewController.h */,
				3F607B0922858619000318FF /* ViewController.m */,
				3F607B0B2285861A000318FF /* Main.storyboard */,
				3F607B0E2285861C000318FF /* Assets.xcassets */,
				3F607B102285861C000318FF /* LaunchScreen.storyboard */,
				3F607B132285861C000318FF /* Info.plist */,
				3F607B142285861C000318FF /* main.m */,
			);
			path = CommentsApp;
			sourceTree = "<group>";
		};
		3F607B1D2285861C000318FF /* CommentsAppTests */ = {
			isa = PBXGroup;
			children = (
				3F607B1E2285861C000318FF /* CommentsAppTests.m */,
				3F607B202285861C000318FF /* Info.plist */,
			);
			path = CommentsAppTests;
			sourceTree = "<group>";
		};
		3F607B282285861C000318FF /* CommentsAppUITests */ = {
			isa = PBXGroup;
			children = (
				3F607B292285861C000318FF /* CommentsAppUITests.m */,
				3F607B2B2285861C000318FF /* Info.plist */,
			);
			path = CommentsAppUITests;
			sourceTree = "<group>";
		};
		3F61BC1422896E8E0014C387 /* Objects */ = {
			isa = PBXGroup;
			children = (
				3F61BC1522896EBD0014C387 /* Post.h */,
				3F61BC1622896EBD0014C387 /* Post.m */,
				3F61BC1B2289713D0014C387 /* Comment.h */,
				3F61BC1C2289713D0014C387 /* Comment.m */,
				3F61BC1E2289793B0014C387 /* Album.h */,
				3F61BC1F2289793B0014C387 /* Album.m */,
				3F61BC21228979CC0014C387 /* Photo.h */,
				3F61BC22228979CC0014C387 /* Photo.m */,
			);
			path = Objects;
			sourceTree = "<group>";
		};
		8FF25015287734F1B87D3E39 /* Frameworks */ = {
			isa = PBXGroup;
			children = (
				3F61BC03228951280014C387 /* libPods-CommentsApp.a */,
				148F957EDDB573D23CCB1CA2 /* libPods-CommentsApp.a */,
			);
			name = Frameworks;
			sourceTree = "<group>";
		};
		B5BCCEB94418CF760234EF66 /* Pods */ = {
			isa = PBXGroup;
			children = (
				5173885740A064936CBCDBE1 /* Pods-CommentsApp.debug.xcconfig */,
				EC9813E4A8B1EE658EAB51DC /* Pods-CommentsApp.release.xcconfig */,
			);
			path = Pods;
			sourceTree = "<group>";
		};
/* End PBXGroup section */

/* Begin PBXNativeTarget section */
		3F607B0122858619000318FF /* CommentsApp */ = {
			isa = PBXNativeTarget;
			buildConfigurationList = 3F607B2E2285861C000318FF /* Build configuration list for PBXNativeTarget "CommentsApp" */;
			buildPhases = (
				671C8FA227962A902EA08C00 /* [CP] Check Pods Manifest.lock */,
				3F607AFE22858619000318FF /* Sources */,
				3F607AFF22858619000318FF /* Frameworks */,
				3F607B0022858619000318FF /* Resources */,
			);
			buildRules = (
			);
			dependencies = (
			);
			name = CommentsApp;
			productName = CommentsApp;
			productReference = 3F607B0222858619000318FF /* CommentsApp.app */;
			productType = "com.apple.product-type.application";
		};
		3F607B192285861C000318FF /* CommentsAppTests */ = {
			isa = PBXNativeTarget;
			buildConfigurationList = 3F607B312285861C000318FF /* Build configuration list for PBXNativeTarget "CommentsAppTests" */;
			buildPhases = (
				3F607B162285861C000318FF /* Sources */,
				3F607B172285861C000318FF /* Frameworks */,
				3F607B182285861C000318FF /* Resources */,
			);
			buildRules = (
			);
			dependencies = (
				3F607B1C2285861C000318FF /* PBXTargetDependency */,
			);
			name = CommentsAppTests;
			productName = CommentsAppTests;
			productReference = 3F607B1A2285861C000318FF /* CommentsAppTests.xctest */;
			productType = "com.apple.product-type.bundle.unit-test";
		};
		3F607B242285861C000318FF /* CommentsAppUITests */ = {
			isa = PBXNativeTarget;
			buildConfigurationList = 3F607B342285861C000318FF /* Build configuration list for PBXNativeTarget "CommentsAppUITests" */;
			buildPhases = (
				3F607B212285861C000318FF /* Sources */,
				3F607B222285861C000318FF /* Frameworks */,
				3F607B232285861C000318FF /* Resources */,
			);
			buildRules = (
			);
			dependencies = (
				3F607B272285861C000318FF /* PBXTargetDependency */,
			);
			name = CommentsAppUITests;
			productName = CommentsAppUITests;
			productReference = 3F607B252285861C000318FF /* CommentsAppUITests.xctest */;
			productType = "com.apple.product-type.bundle.ui-testing";
		};
/* End PBXNativeTarget section */

/* Begin PBXProject section */
		3F607AFA22858619000318FF /* Project object */ = {
			isa = PBXProject;
			attributes = {
				LastUpgradeCheck = 1020;
				ORGANIZATIONNAME = "Bojana Sladojevic";
				TargetAttributes = {
					3F607B0122858619000318FF = {
						CreatedOnToolsVersion = 10.2;
						LastSwiftMigration = 1020;
					};
					3F607B192285861C000318FF = {
						CreatedOnToolsVersion = 10.2;
						TestTargetID = 3F607B0122858619000318FF;
					};
					3F607B242285861C000318FF = {
						CreatedOnToolsVersion = 10.2;
						TestTargetID = 3F607B0122858619000318FF;
					};
				};
			};
			buildConfigurationList = 3F607AFD22858619000318FF /* Build configuration list for PBXProject "CommentsApp" */;
			compatibilityVersion = "Xcode 9.3";
			developmentRegion = en;
			hasScannedForEncodings = 0;
			knownRegions = (
				en,
				Base,
			);
			mainGroup = 3F607AF922858619000318FF;
			productRefGroup = 3F607B0322858619000318FF /* Products */;
			projectDirPath = "";
			projectRoot = "";
			targets = (
				3F607B0122858619000318FF /* CommentsApp */,
				3F607B192285861C000318FF /* CommentsAppTests */,
				3F607B242285861C000318FF /* CommentsAppUITests */,
			);
		};
/* End PBXProject section */

/* Begin PBXResourcesBuildPhase section */
		3F607B0022858619000318FF /* Resources */ = {
			isa = PBXResourcesBuildPhase;
			buildActionMask = 2147483647;
			files = (
				3F607B122285861C000318FF /* LaunchScreen.storyboard in Resources */,
				3F607B0F2285861C000318FF /* Assets.xcassets in Resources */,
				3F607B0D2285861A000318FF /* Main.storyboard in Resources */,
			);
			runOnlyForDeploymentPostprocessing = 0;
		};
		3F607B182285861C000318FF /* Resources */ = {
			isa = PBXResourcesBuildPhase;
			buildActionMask = 2147483647;
			files = (
				3F61BC112289689F0014C387 /* NavigationBar.xib in Resources */,
			);
			runOnlyForDeploymentPostprocessing = 0;
		};
		3F607B232285861C000318FF /* Resources */ = {
			isa = PBXResourcesBuildPhase;
			buildActionMask = 2147483647;
			files = (
				3F61BC12228968A80014C387 /* NavigationBar.xib in Resources */,
			);
			runOnlyForDeploymentPostprocessing = 0;
		};
/* End PBXResourcesBuildPhase section */

/* Begin PBXShellScriptBuildPhase section */
		671C8FA227962A902EA08C00 /* [CP] Check Pods Manifest.lock */ = {
			isa = PBXShellScriptBuildPhase;
			buildActionMask = 2147483647;
			files = (
			);
			inputFileListPaths = (
			);
			inputPaths = (
				"${PODS_PODFILE_DIR_PATH}/Podfile.lock",
				"${PODS_ROOT}/Manifest.lock",
			);
			name = "[CP] Check Pods Manifest.lock";
			outputFileListPaths = (
			);
			outputPaths = (
				"$(DERIVED_FILE_DIR)/Pods-CommentsApp-checkManifestLockResult.txt",
			);
			runOnlyForDeploymentPostprocessing = 0;
			shellPath = /bin/sh;
			shellScript = "diff \"${PODS_PODFILE_DIR_PATH}/Podfile.lock\" \"${PODS_ROOT}/Manifest.lock\" > /dev/null\nif [ $? != 0 ] ; then\n    # print error to STDERR\n    echo \"error: The sandbox is not in sync with the Podfile.lock. Run 'pod install' or update your CocoaPods installation.\" >&2\n    exit 1\nfi\n# This output is used by Xcode 'outputs' to avoid re-running this script phase.\necho \"SUCCESS\" > \"${SCRIPT_OUTPUT_FILE_0}\"\n";
			showEnvVarsInLog = 0;
		};
/* End PBXShellScriptBuildPhase section */

/* Begin PBXSourcesBuildPhase section */
		3F607AFE22858619000318FF /* Sources */ = {
			isa = PBXSourcesBuildPhase;
			buildActionMask = 2147483647;
			files = (
				3F607B0A22858619000318FF /* ViewController.m in Sources */,
				3F61BC2C2289808B0014C387 /* UserManager.m in Sources */,
				3F607B152285861C000318FF /* main.m in Sources */,
				3F61BC2922897B7A0014C387 /* PhotoManager.m in Sources */,
				3F61BC2622897A500014C387 /* AlbumManager.m in Sources */,
				3F4B4C8B22858DC200290858 /* LogInViewController.m in Sources */,
				3F61BC0F228966370014C387 /* PostsViewController.m in Sources */,
				3F61BC1A228971150014C387 /* CommentsManager.m in Sources */,
				3F4B4C9722858FD100290858 /* SingleCommentViewController.m in Sources */,
				3F4B4C8822858D5C00290858 /* SplashScreenViewController.m in Sources */,
				3F61BC1D2289713D0014C387 /* Comment.m in Sources */,
				3F4B4C9422858F5100290858 /* CommentsViewController.m in Sources */,
				3F607B0722858619000318FF /* AppDelegate.m in Sources */,
				3F3E76ED22893AA200D29F5B /* User.m in Sources */,
				3F4B4C8E22858E7A00290858 /* SignUpViewController.m in Sources */,
				3F61BC23228979CC0014C387 /* Photo.m in Sources */,
				3F3E76F3228943A600D29F5B /* PostsManager.m in Sources */,
				3F61BC202289793B0014C387 /* Album.m in Sources */,
				3F61BC3222898A4D0014C387 /* User.xcdatamodeld in Sources */,
				3F4B4C9E2285904600290858 /* NavigationBar.m in Sources */,
				3F4B4C8522858C0A00290858 /* MainViewController.m in Sources */,
				3F61BC1722896EBD0014C387 /* Post.m in Sources */,
			);
			runOnlyForDeploymentPostprocessing = 0;
		};
		3F607B162285861C000318FF /* Sources */ = {
			isa = PBXSourcesBuildPhase;
			buildActionMask = 2147483647;
			files = (
			);
			runOnlyForDeploymentPostprocessing = 0;
		};
		3F607B212285861C000318FF /* Sources */ = {
			isa = PBXSourcesBuildPhase;
			buildActionMask = 2147483647;
			files = (
			);
			runOnlyForDeploymentPostprocessing = 0;
		};
/* End PBXSourcesBuildPhase section */

/* Begin PBXTargetDependency section */
		3F607B1C2285861C000318FF /* PBXTargetDependency */ = {
			isa = PBXTargetDependency;
			target = 3F607B0122858619000318FF /* CommentsApp */;
			targetProxy = 3F607B1B2285861C000318FF /* PBXContainerItemProxy */;
		};
		3F607B272285861C000318FF /* PBXTargetDependency */ = {
			isa = PBXTargetDependency;
			target = 3F607B0122858619000318FF /* CommentsApp */;
			targetProxy = 3F607B262285861C000318FF /* PBXContainerItemProxy */;
		};
/* End PBXTargetDependency section */

/* Begin PBXVariantGroup section */
		3F607B0B2285861A000318FF /* Main.storyboard */ = {
			isa = PBXVariantGroup;
			children = (
				3F607B0C2285861A000318FF /* Base */,
			);
			name = Main.storyboard;
			sourceTree = "<group>";
		};
		3F607B102285861C000318FF /* LaunchScreen.storyboard */ = {
			isa = PBXVariantGroup;
			children = (
				3F607B112285861C000318FF /* Base */,
			);
			name = LaunchScreen.storyboard;
			sourceTree = "<group>";
		};
/* End PBXVariantGroup section */

/* Begin XCBuildConfiguration section */
		3F607B2C2285861C000318FF /* Debug */ = {
			isa = XCBuildConfiguration;
			buildSettings = {
				ALWAYS_SEARCH_USER_PATHS = NO;
				CLANG_ANALYZER_NONNULL = YES;
				CLANG_ANALYZER_NUMBER_OBJECT_CONVERSION = YES_AGGRESSIVE;
				CLANG_CXX_LANGUAGE_STANDARD = "gnu++14";
				CLANG_CXX_LIBRARY = "libc++";
				CLANG_ENABLE_MODULES = YES;
				CLANG_ENABLE_OBJC_ARC = YES;
				CLANG_ENABLE_OBJC_WEAK = YES;
				CLANG_WARN_BLOCK_CAPTURE_AUTORELEASING = YES;
				CLANG_WARN_BOOL_CONVERSION = YES;
				CLANG_WARN_COMMA = YES;
				CLANG_WARN_CONSTANT_CONVERSION = YES;
				CLANG_WARN_DEPRECATED_OBJC_IMPLEMENTATIONS = YES;
				CLANG_WARN_DIRECT_OBJC_ISA_USAGE = YES_ERROR;
				CLANG_WARN_DOCUMENTATION_COMMENTS = YES;
				CLANG_WARN_EMPTY_BODY = YES;
				CLANG_WARN_ENUM_CONVERSION = YES;
				CLANG_WARN_INFINITE_RECURSION = YES;
				CLANG_WARN_INT_CONVERSION = YES;
				CLANG_WARN_NON_LITERAL_NULL_CONVERSION = YES;
				CLANG_WARN_OBJC_IMPLICIT_RETAIN_SELF = YES;
				CLANG_WARN_OBJC_LITERAL_CONVERSION = YES;
				CLANG_WARN_OBJC_ROOT_CLASS = YES_ERROR;
				CLANG_WARN_RANGE_LOOP_ANALYSIS = YES;
				CLANG_WARN_STRICT_PROTOTYPES = YES;
				CLANG_WARN_SUSPICIOUS_MOVE = YES;
				CLANG_WARN_UNGUARDED_AVAILABILITY = YES_AGGRESSIVE;
				CLANG_WARN_UNREACHABLE_CODE = YES;
				CLANG_WARN__DUPLICATE_METHOD_MATCH = YES;
				CODE_SIGN_IDENTITY = "iPhone Developer";
				COPY_PHASE_STRIP = NO;
				DEBUG_INFORMATION_FORMAT = dwarf;
				ENABLE_STRICT_OBJC_MSGSEND = YES;
				ENABLE_TESTABILITY = YES;
				GCC_C_LANGUAGE_STANDARD = gnu11;
				GCC_DYNAMIC_NO_PIC = NO;
				GCC_NO_COMMON_BLOCKS = YES;
				GCC_OPTIMIZATION_LEVEL = 0;
				GCC_PREPROCESSOR_DEFINITIONS = (
					"DEBUG=1",
					"$(inherited)",
				);
				GCC_WARN_64_TO_32_BIT_CONVERSION = YES;
				GCC_WARN_ABOUT_RETURN_TYPE = YES_ERROR;
				GCC_WARN_UNDECLARED_SELECTOR = YES;
				GCC_WARN_UNINITIALIZED_AUTOS = YES_AGGRESSIVE;
				GCC_WARN_UNUSED_FUNCTION = YES;
				GCC_WARN_UNUSED_VARIABLE = YES;
				IPHONEOS_DEPLOYMENT_TARGET = 12.2;
				MTL_ENABLE_DEBUG_INFO = INCLUDE_SOURCE;
				MTL_FAST_MATH = YES;
				ONLY_ACTIVE_ARCH = YES;
				SDKROOT = iphoneos;
			};
			name = Debug;
		};
		3F607B2D2285861C000318FF /* Release */ = {
			isa = XCBuildConfiguration;
			buildSettings = {
				ALWAYS_SEARCH_USER_PATHS = NO;
				CLANG_ANALYZER_NONNULL = YES;
				CLANG_ANALYZER_NUMBER_OBJECT_CONVERSION = YES_AGGRESSIVE;
				CLANG_CXX_LANGUAGE_STANDARD = "gnu++14";
				CLANG_CXX_LIBRARY = "libc++";
				CLANG_ENABLE_MODULES = YES;
				CLANG_ENABLE_OBJC_ARC = YES;
				CLANG_ENABLE_OBJC_WEAK = YES;
				CLANG_WARN_BLOCK_CAPTURE_AUTORELEASING = YES;
				CLANG_WARN_BOOL_CONVERSION = YES;
				CLANG_WARN_COMMA = YES;
				CLANG_WARN_CONSTANT_CONVERSION = YES;
				CLANG_WARN_DEPRECATED_OBJC_IMPLEMENTATIONS = YES;
				CLANG_WARN_DIRECT_OBJC_ISA_USAGE = YES_ERROR;
				CLANG_WARN_DOCUMENTATION_COMMENTS = YES;
				CLANG_WARN_EMPTY_BODY = YES;
				CLANG_WARN_ENUM_CONVERSION = YES;
				CLANG_WARN_INFINITE_RECURSION = YES;
				CLANG_WARN_INT_CONVERSION = YES;
				CLANG_WARN_NON_LITERAL_NULL_CONVERSION = YES;
				CLANG_WARN_OBJC_IMPLICIT_RETAIN_SELF = YES;
				CLANG_WARN_OBJC_LITERAL_CONVERSION = YES;
				CLANG_WARN_OBJC_ROOT_CLASS = YES_ERROR;
				CLANG_WARN_RANGE_LOOP_ANALYSIS = YES;
				CLANG_WARN_STRICT_PROTOTYPES = YES;
				CLANG_WARN_SUSPICIOUS_MOVE = YES;
				CLANG_WARN_UNGUARDED_AVAILABILITY = YES_AGGRESSIVE;
				CLANG_WARN_UNREACHABLE_CODE = YES;
				CLANG_WARN__DUPLICATE_METHOD_MATCH = YES;
				CODE_SIGN_IDENTITY = "iPhone Developer";
				COPY_PHASE_STRIP = NO;
				DEBUG_INFORMATION_FORMAT = "dwarf-with-dsym";
				ENABLE_NS_ASSERTIONS = NO;
				ENABLE_STRICT_OBJC_MSGSEND = YES;
				GCC_C_LANGUAGE_STANDARD = gnu11;
				GCC_NO_COMMON_BLOCKS = YES;
				GCC_WARN_64_TO_32_BIT_CONVERSION = YES;
				GCC_WARN_ABOUT_RETURN_TYPE = YES_ERROR;
				GCC_WARN_UNDECLARED_SELECTOR = YES;
				GCC_WARN_UNINITIALIZED_AUTOS = YES_AGGRESSIVE;
				GCC_WARN_UNUSED_FUNCTION = YES;
				GCC_WARN_UNUSED_VARIABLE = YES;
				IPHONEOS_DEPLOYMENT_TARGET = 12.2;
				MTL_ENABLE_DEBUG_INFO = NO;
				MTL_FAST_MATH = YES;
				SDKROOT = iphoneos;
				VALIDATE_PRODUCT = YES;
			};
			name = Release;
		};
		3F607B2F2285861C000318FF /* Debug */ = {
			isa = XCBuildConfiguration;
			baseConfigurationReference = 5173885740A064936CBCDBE1 /* Pods-CommentsApp.debug.xcconfig */;
			buildSettings = {
				ASSETCATALOG_COMPILER_APPICON_NAME = AppIcon;
				CLANG_ENABLE_MODULES = YES;
				CODE_SIGN_STYLE = Automatic;
				INFOPLIST_FILE = CommentsApp/Info.plist;
				LD_RUNPATH_SEARCH_PATHS = (
					"$(inherited)",
					"@executable_path/Frameworks",
				);
				OTHER_LDFLAGS = (
					"$(inherited)",
					"-ObjC",
				);
				PRODUCT_BUNDLE_IDENTIFIER = "-.CommentsApp";
				PRODUCT_NAME = "$(TARGET_NAME)";
				SWIFT_OPTIMIZATION_LEVEL = "-Onone";
				SWIFT_VERSION = 5.0;
				TARGETED_DEVICE_FAMILY = "1,2";
			};
			name = Debug;
		};
		3F607B302285861C000318FF /* Release */ = {
			isa = XCBuildConfiguration;
			baseConfigurationReference = EC9813E4A8B1EE658EAB51DC /* Pods-CommentsApp.release.xcconfig */;
			buildSettings = {
				ASSETCATALOG_COMPILER_APPICON_NAME = AppIcon;
				CLANG_ENABLE_MODULES = YES;
				CODE_SIGN_STYLE = Automatic;
				INFOPLIST_FILE = CommentsApp/Info.plist;
				LD_RUNPATH_SEARCH_PATHS = (
					"$(inherited)",
					"@executable_path/Frameworks",
				);
				OTHER_LDFLAGS = (
					"$(inherited)",
					"-ObjC",
				);
				PRODUCT_BUNDLE_IDENTIFIER = "-.CommentsApp";
				PRODUCT_NAME = "$(TARGET_NAME)";
				SWIFT_VERSION = 5.0;
				TARGETED_DEVICE_FAMILY = "1,2";
			};
			name = Release;
		};
		3F607B322285861C000318FF /* Debug */ = {
			isa = XCBuildConfiguration;
			buildSettings = {
				BUNDLE_LOADER = "$(TEST_HOST)";
				CODE_SIGN_STYLE = Automatic;
				INFOPLIST_FILE = CommentsAppTests/Info.plist;
				LD_RUNPATH_SEARCH_PATHS = (
					"$(inherited)",
					"@executable_path/Frameworks",
					"@loader_path/Frameworks",
				);
				PRODUCT_BUNDLE_IDENTIFIER = "-.CommentsAppTests";
				PRODUCT_NAME = "$(TARGET_NAME)";
				TARGETED_DEVICE_FAMILY = "1,2";
				TEST_HOST = "$(BUILT_PRODUCTS_DIR)/CommentsApp.app/CommentsApp";
			};
			name = Debug;
		};
		3F607B332285861C000318FF /* Release */ = {
			isa = XCBuildConfiguration;
			buildSettings = {
				BUNDLE_LOADER = "$(TEST_HOST)";
				CODE_SIGN_STYLE = Automatic;
				INFOPLIST_FILE = CommentsAppTests/Info.plist;
				LD_RUNPATH_SEARCH_PATHS = (
					"$(inherited)",
					"@executable_path/Frameworks",
					"@loader_path/Frameworks",
				);
				PRODUCT_BUNDLE_IDENTIFIER = "-.CommentsAppTests";
				PRODUCT_NAME = "$(TARGET_NAME)";
				TARGETED_DEVICE_FAMILY = "1,2";
				TEST_HOST = "$(BUILT_PRODUCTS_DIR)/CommentsApp.app/CommentsApp";
			};
			name = Release;
		};
		3F607B352285861C000318FF /* Debug */ = {
			isa = XCBuildConfiguration;
			buildSettings = {
				CODE_SIGN_STYLE = Automatic;
				INFOPLIST_FILE = CommentsAppUITests/Info.plist;
				LD_RUNPATH_SEARCH_PATHS = (
					"$(inherited)",
					"@executable_path/Frameworks",
					"@loader_path/Frameworks",
				);
				PRODUCT_BUNDLE_IDENTIFIER = "-.CommentsAppUITests";
				PRODUCT_NAME = "$(TARGET_NAME)";
				TARGETED_DEVICE_FAMILY = "1,2";
				TEST_TARGET_NAME = CommentsApp;
			};
			name = Debug;
		};
		3F607B362285861C000318FF /* Release */ = {
			isa = XCBuildConfiguration;
			buildSettings = {
				CODE_SIGN_STYLE = Automatic;
				INFOPLIST_FILE = CommentsAppUITests/Info.plist;
				LD_RUNPATH_SEARCH_PATHS = (
					"$(inherited)",
					"@executable_path/Frameworks",
					"@loader_path/Frameworks",
				);
				PRODUCT_BUNDLE_IDENTIFIER = "-.CommentsAppUITests";
				PRODUCT_NAME = "$(TARGET_NAME)";
				TARGETED_DEVICE_FAMILY = "1,2";
				TEST_TARGET_NAME = CommentsApp;
			};
			name = Release;
		};
/* End XCBuildConfiguration section */

/* Begin XCConfigurationList section */
		3F607AFD22858619000318FF /* Build configuration list for PBXProject "CommentsApp" */ = {
			isa = XCConfigurationList;
			buildConfigurations = (
				3F607B2C2285861C000318FF /* Debug */,
				3F607B2D2285861C000318FF /* Release */,
			);
			defaultConfigurationIsVisible = 0;
			defaultConfigurationName = Release;
		};
		3F607B2E2285861C000318FF /* Build configuration list for PBXNativeTarget "CommentsApp" */ = {
			isa = XCConfigurationList;
			buildConfigurations = (
				3F607B2F2285861C000318FF /* Debug */,
				3F607B302285861C000318FF /* Release */,
			);
			defaultConfigurationIsVisible = 0;
			defaultConfigurationName = Release;
		};
		3F607B312285861C000318FF /* Build configuration list for PBXNativeTarget "CommentsAppTests" */ = {
			isa = XCConfigurationList;
			buildConfigurations = (
				3F607B322285861C000318FF /* Debug */,
				3F607B332285861C000318FF /* Release */,
			);
			defaultConfigurationIsVisible = 0;
			defaultConfigurationName = Release;
		};
		3F607B342285861C000318FF /* Build configuration list for PBXNativeTarget "CommentsAppUITests" */ = {
			isa = XCConfigurationList;
			buildConfigurations = (
				3F607B352285861C000318FF /* Debug */,
				3F607B362285861C000318FF /* Release */,
			);
			defaultConfigurationIsVisible = 0;
			defaultConfigurationName = Release;
		};
/* End XCConfigurationList section */

/* Begin XCVersionGroup section */
		3F61BC3022898A4D0014C387 /* User.xcdatamodeld */ = {
			isa = XCVersionGroup;
			children = (
				3F61BC3122898A4D0014C387 /* User.xcdatamodel */,
			);
			currentVersion = 3F61BC3122898A4D0014C387 /* User.xcdatamodel */;
			path = User.xcdatamodeld;
			sourceTree = "<group>";
			versionGroupType = wrapper.xcdatamodel;
		};
/* End XCVersionGroup section */
	};
	rootObject = 3F607AFA22858619000318FF /* Project object */;
}
